
Microsoft Visual Studio Solution File, Format Version 12.00
# Visual Studio 2012
VisualStudioVersion = 12.0.31101.0
MinimumVisualStudioVersion = 10.0.40219.1
Project("{D954291E-2A0B-460D-934E-DC6B0785DB48}") = "SharedData", "SharedData\SharedData.shproj", "{27559075-4409-4C57-A19F-29A992576954}"
EndProject
Project("{D954291E-2A0B-460D-934E-DC6B0785DB48}") = "Content", "Content\Content.shproj", "{CE60B0FA-F185-4E0B-A777-0899B7260739}"
EndProject
Project("{FAE04EC0-301F-11D3-BF4B-00C04F79EFBC}") = "IOS", "IOS\IOS.csproj", "{7808C42E-F3A3-483C-87A4-7FE3A66DCA16}"
EndProject
Project("{FAE04EC0-301F-11D3-BF4B-00C04F79EFBC}") = "Windows", "Windows\Windows.csproj", "{8964E284-335B-4F89-BB56-9ECA19ADB0CA}"
EndProject
Project("{FAE04EC0-301F-11D3-BF4B-00C04F79EFBC}") = "OSX", "OSX\OSX.csproj", "{0F50CA8E-8838-4FC8-9FB6-FD0F94D883F3}"
EndProject
Global
	GlobalSection(SolutionConfigurationPlatforms) = preSolution
		Debug|Any CPU = Debug|Any CPU
		Debug|ARM = Debug|ARM
		Debug|iPhone = Debug|iPhone
		Debug|iPhoneSimulator = Debug|iPhoneSimulator
		Debug|x86 = Debug|x86
		Release|Any CPU = Release|Any CPU
		Release|ARM = Release|ARM
		Release|iPhone = Release|iPhone
		Release|iPhoneSimulator = Release|iPhoneSimulator
		Release|x86 = Release|x86
	EndGlobalSection
	GlobalSection(ProjectConfigurationPlatforms) = postSolution
		{0F50CA8E-8838-4FC8-9FB6-FD0F94D883F3}.Debug|Any CPU.ActiveCfg = Debug|Any CPU
		{0F50CA8E-8838-4FC8-9FB6-FD0F94D883F3}.Debug|Any CPU.Build.0 = Debug|Any CPU
		{0F50CA8E-8838-4FC8-9FB6-FD0F94D883F3}.Debug|ARM.ActiveCfg = Debug|Any CPU
		{0F50CA8E-8838-4FC8-9FB6-FD0F94D883F3}.Debug|iPhone.ActiveCfg = Debug|Any CPU
		{0F50CA8E-8838-4FC8-9FB6-FD0F94D883F3}.Debug|iPhone.Build.0 = Debug|Any CPU
		{0F50CA8E-8838-4FC8-9FB6-FD0F94D883F3}.Debug|iPhoneSimulator.ActiveCfg = Debug|Any CPU
		{0F50CA8E-8838-4FC8-9FB6-FD0F94D883F3}.Debug|iPhoneSimulator.Build.0 = Debug|Any CPU
		{0F50CA8E-8838-4FC8-9FB6-FD0F94D883F3}.Debug|x86.ActiveCfg = Debug|Any CPU
		{0F50CA8E-8838-4FC8-9FB6-FD0F94D883F3}.Release|Any CPU.ActiveCfg = Release|Any CPU
		{0F50CA8E-8838-4FC8-9FB6-FD0F94D883F3}.Release|Any CPU.Build.0 = Release|Any CPU
		{0F50CA8E-8838-4FC8-9FB6-FD0F94D883F3}.Release|ARM.ActiveCfg = Release|Any CPU
		{0F50CA8E-8838-4FC8-9FB6-FD0F94D883F3}.Release|iPhone.ActiveCfg = Release|Any CPU
		{0F50CA8E-8838-4FC8-9FB6-FD0F94D883F3}.Release|iPhone.Build.0 = Release|Any CPU
		{0F50CA8E-8838-4FC8-9FB6-FD0F94D883F3}.Release|iPhoneSimulator.ActiveCfg = Release|Any CPU
		{0F50CA8E-8838-4FC8-9FB6-FD0F94D883F3}.Release|iPhoneSimulator.Build.0 = Release|Any CPU
		{0F50CA8E-8838-4FC8-9FB6-FD0F94D883F3}.Release|x86.ActiveCfg = Release|Any CPU
		{7808C42E-F3A3-483C-87A4-7FE3A66DCA16}.Debug|Any CPU.ActiveCfg = Debug|iPhoneSimulator
		{7808C42E-F3A3-483C-87A4-7FE3A66DCA16}.Debug|Any CPU.Build.0 = Debug|iPhoneSimulator
		{7808C42E-F3A3-483C-87A4-7FE3A66DCA16}.Debug|ARM.ActiveCfg = Debug|iPhone
		{7808C42E-F3A3-483C-87A4-7FE3A66DCA16}.Debug|iPhone.ActiveCfg = Debug|iPhone
		{7808C42E-F3A3-483C-87A4-7FE3A66DCA16}.Debug|iPhone.Build.0 = Debug|iPhone
		{7808C42E-F3A3-483C-87A4-7FE3A66DCA16}.Debug|iPhoneSimulator.ActiveCfg = Debug|iPhoneSimulator
		{7808C42E-F3A3-483C-87A4-7FE3A66DCA16}.Debug|iPhoneSimulator.Build.0 = Debug|iPhoneSimulator
		{7808C42E-F3A3-483C-87A4-7FE3A66DCA16}.Debug|x86.ActiveCfg = Debug|iPhone
		{7808C42E-F3A3-483C-87A4-7FE3A66DCA16}.Release|Any CPU.ActiveCfg = Debug|iPhoneSimulator
		{7808C42E-F3A3-483C-87A4-7FE3A66DCA16}.Release|Any CPU.Build.0 = Debug|iPhoneSimulator
		{7808C42E-F3A3-483C-87A4-7FE3A66DCA16}.Release|ARM.ActiveCfg = Release|iPhoneSimulator
		{7808C42E-F3A3-483C-87A4-7FE3A66DCA16}.Release|iPhone.ActiveCfg = Release|iPhone
		{7808C42E-F3A3-483C-87A4-7FE3A66DCA16}.Release|iPhone.Build.0 = Release|iPhone
		{7808C42E-F3A3-483C-87A4-7FE3A66DCA16}.Release|iPhoneSimulator.ActiveCfg = Release|iPhoneSimulator
		{7808C42E-F3A3-483C-87A4-7FE3A66DCA16}.Release|iPhoneSimulator.Build.0 = Release|iPhoneSimulator
		{7808C42E-F3A3-483C-87A4-7FE3A66DCA16}.Release|x86.ActiveCfg = Release|iPhoneSimulator
		{8964E284-335B-4F89-BB56-9ECA19ADB0CA}.Debug|Any CPU.ActiveCfg = Debug|Any CPU
		{8964E284-335B-4F89-BB56-9ECA19ADB0CA}.Debug|Any CPU.Build.0 = Debug|Any CPU
		{8964E284-335B-4F89-BB56-9ECA19ADB0CA}.Debug|ARM.ActiveCfg = Debug|Any CPU
		{8964E284-335B-4F89-BB56-9ECA19ADB0CA}.Debug|ARM.Build.0 = Debug|Any CPU
		{8964E284-335B-4F89-BB56-9ECA19ADB0CA}.Debug|iPhone.ActiveCfg = Debug|Any CPU
		{8964E284-335B-4F89-BB56-9ECA19ADB0CA}.Debug|iPhone.Build.0 = Debug|Any CPU
		{8964E284-335B-4F89-BB56-9ECA19ADB0CA}.Debug|iPhoneSimulator.ActiveCfg = Debug|Any CPU
		{8964E284-335B-4F89-BB56-9ECA19ADB0CA}.Debug|iPhoneSimulator.Build.0 = Debug|Any CPU
		{8964E284-335B-4F89-BB56-9ECA19ADB0CA}.Debug|x86.ActiveCfg = Debug|Any CPU
		{8964E284-335B-4F89-BB56-9ECA19ADB0CA}.Release|Any CPU.ActiveCfg = Release|Any CPU
		{8964E284-335B-4F89-BB56-9ECA19ADB0CA}.Release|Any CPU.Build.0 = Release|Any CPU
		{8964E284-335B-4F89-BB56-9ECA19ADB0CA}.Release|ARM.ActiveCfg = Release|Any CPU
		{8964E284-335B-4F89-BB56-9ECA19ADB0CA}.Release|iPhone.ActiveCfg = Release|Any CPU
		{8964E284-335B-4F89-BB56-9ECA19ADB0CA}.Release|iPhone.Build.0 = Release|Any CPU
		{8964E284-335B-4F89-BB56-9ECA19ADB0CA}.Release|iPhoneSimulator.ActiveCfg = Release|Any CPU
		{8964E284-335B-4F89-BB56-9ECA19ADB0CA}.Release|iPhoneSimulator.Build.0 = Release|Any CPU
		{8964E284-335B-4F89-BB56-9ECA19ADB0CA}.Release|x86.ActiveCfg = Release|Any CPU
	EndGlobalSection
	GlobalSection(MonoDevelopProperties) = preSolution
		Policies = $0
		$0.TextStylePolicy = $1
		$1.FileWidth = 120
		$1.TabsToSpaces = False
		$1.inheritsSet = VisualStudio
		$1.inheritsScope = text/plain
	EndGlobalSection
	GlobalSection(SharedMSBuildProjectFiles) = preSolution
		Content\Content.projitems*{8964e284-335b-4f89-bb56-9eca19adb0ca}*SharedItemsImports = 4
		SharedData\SharedData.projitems*{8964e284-335b-4f89-bb56-9eca19adb0ca}*SharedItemsImports = 4
		Content\Content.projitems*{ce60b0fa-f185-4e0b-a777-0899b7260739}*SharedItemsImports = 13
		SharedData\SharedData.projitems*{27559075-4409-4c57-a19f-29a992576954}*SharedItemsImports = 13
	EndGlobalSection
	GlobalSection(SolutionProperties) = preSolution
		HideSolutionNode = FALSE
	EndGlobalSection
EndGlobal
